Microsoft Visual Studio Solution File, Format Version 12.00
# Visual Studio Version 16
VisualStudioVersion = 16.0.33328.57
MinimumVisualStudioVersion = 10.0.40219.1
Project("{FAE04EC0-301F-11D3-BF4B-00C04F79EFBC}") = "Avengers", "Avengers.csproj", "{C89AAEB3-8E23-4914-BBBB-51129BD6DCBD}"
EndProject
Global
	GlobalSection(SolutionConfigurationPlatforms) = preSolution
		Debug|Any CPU = Debug|Any CPU
		Release|Any CPU = Release|Any CPU
	EndGlobalSection
	GlobalSection(ProjectConfigurationPlatforms) = postSolution
		{C89AAEB3-8E23-4914-BBBB-51129BD6DCBD}.Debug|Any CPU.ActiveCfg = Debug|Any CPU
		{C89AAEB3-8E23-4914-BBBB-51129BD6DCBD}.Debug|Any CPU.Build.0 = Debug|Any CPU
		{C89AAEB3-8E23-4914-BBBB-51129BD6DCBD}.Release|Any CPU.ActiveCfg = Release|Any CPU
		{C89AAEB3-8E23-4914-BBBB-51129BD6DCBD}.Release|Any CPU.Build.0 = Release|Any CPU
	EndGlobalSection
	GlobalSection(SolutionProperties) = preSolution
		HideSolutionNode = FALSE
	EndGlobalSection
	GlobalSection(ExtensibilityGlobals) = postSolution
		SolutionGuid = {A4809180-136B-43B4-9BC8-54F1BC9554AA}
	EndGlobalSection
EndGlobal
